// !$*UTF8*$!
{
	archiveVersion = 1;
	classes = {
	};
	objectVersion = 46;
	objects = {

/* Begin PBXGroup section */
		BE6CFCC61D2AD4660064041E = {
			isa = PBXGroup;
			children = (
			);
			sourceTree = "<group>";
		};
/* End PBXGroup section */

/* Begin PBXProject section */
		BE6CFCC71D2AD4660064041E /* Project object */ = {
			isa = PBXProject;
			attributes = {
				LastUpgradeCheck = 0730;
			};
			buildConfigurationList = BE6CFCCA1D2AD4660064041E /* Build configuration list for PBXProject "ProgressReporter" */;
			compatibilityVersion = "Xcode 3.2";
			developmentRegion = English;
			hasScannedForEncodings = 0;
			knownRegions = (
				en,
			);
			mainGroup = BE6CFCC61D2AD4660064041E;
			projectDirPath = "";
			projectRoot = "";
			targets = (
			);
		};
/* End PBXProject section */

/* Begin XCBuildConfiguration section */
		BE6CFCCB1D2AD4660064041E /* Debug */ = {
			isa = XCBuildConfiguration;
			buildSettings = {
			};
			name = Debug;
		};
		BE6CFCCC1D2AD4660064041E /* Release */ = {
			isa = XCBuildConfiguration;
			buildSettings = {
			};
			name = Release;
		};
/* End XCBuildConfiguration section */

/* Begin XCConfigurationList section */
		BE6CFCCA1D2AD4660064041E /* Build configuration list for PBXProject "ProgressReporter" */ = {
			isa = XCConfigurationList;
			buildConfigurations = (
				BE6CFCCB1D2AD4660064041E /* Debug */,
				BE6CFCCC1D2AD4660064041E /* Release */,
			);
			defaultConfigurationIsVisible = 0;
			defaultConfigurationName = Release;
		};
/* End XCConfigurationList section */
	};
	rootObject = BE6CFCC71D2AD4660064041E /* Project object */;
}
